
Microsoft Visual Studio Solution File, Format Version 12.00
# Visual Studio Version 16
VisualStudioVersion = 16.0.30717.126
MinimumVisualStudioVersion = 10.0.40219.1
Project("{9A19103F-16F7-4668-BE54-9A1E7A4F7556}") = "AMSQC_Web.Test", "AMSQC_Web.Test\AMSQC_Web.Test.csproj", "{DC042C93-B143-4BE8-8154-218014711374}"
EndProject
Project("{2150E333-8FDC-42A3-9474-1A3956D46DE8}") = "Domain", "Domain", "{615082DE-EE03-4C3D-83D4-6B08DABACFA2}"
EndProject
Project("{2150E333-8FDC-42A3-9474-1A3956D46DE8}") = "Infra.Data", "Infra.Data", "{44D437D4-C8E9-426A-A6DE-E868A4A80C28}"
EndProject
Project("{2150E333-8FDC-42A3-9474-1A3956D46DE8}") = "Infra.IOC", "Infra.IOC", "{9A1BFEAB-E664-4A6D-AD69-EE38A8505C0B}"
EndProject
Project("{9A19103F-16F7-4668-BE54-9A1E7A4F7556}") = "AMSQC.Domain", "..\AMSQC.Domain\AMSQC.Domain.csproj", "{ABAEC62B-A117-4C96-A453-575C33E1E406}"
EndProject
Project("{9A19103F-16F7-4668-BE54-9A1E7A4F7556}") = "AMSQC.Infra.Data", "..\AMSQC.Infra.Data\AMSQC.Infra.Data.csproj", "{8A514186-DC69-4536-9626-2DB8382F74DA}"
EndProject
Project("{9A19103F-16F7-4668-BE54-9A1E7A4F7556}") = "AMSQC.Infra.IoC", "..\AMSQC.Infra.IoC\AMSQC.Infra.IoC.csproj", "{709003E3-5E0C-4182-83BF-E5819193EB08}"
EndProject
Project("{2150E333-8FDC-42A3-9474-1A3956D46DE8}") = "Application", "Application", "{35CFAB59-8425-4148-91C1-BDF0424152D0}"
EndProject
Project("{9A19103F-16F7-4668-BE54-9A1E7A4F7556}") = "AMSQC.Application", "..\AMSQC.Application\AMSQC.Application.csproj", "{1EFD54BD-25A0-40DF-9C25-4F3646AA9AB1}"
EndProject
Project("{9A19103F-16F7-4668-BE54-9A1E7A4F7556}") = "AMSQC_UI", "AMSQC_UI\AMSQC_UI.csproj", "{7714DC36-842A-4586-88AD-2BDDBAA35B49}"
EndProject
Global
	GlobalSection(SolutionConfigurationPlatforms) = preSolution
		Debug|Any CPU = Debug|Any CPU
		Release|Any CPU = Release|Any CPU
	EndGlobalSection
	GlobalSection(ProjectConfigurationPlatforms) = postSolution
		{DC042C93-B143-4BE8-8154-218014711374}.Debug|Any CPU.ActiveCfg = Debug|Any CPU
		{DC042C93-B143-4BE8-8154-218014711374}.Debug|Any CPU.Build.0 = Debug|Any CPU
		{DC042C93-B143-4BE8-8154-218014711374}.Release|Any CPU.ActiveCfg = Release|Any CPU
		{DC042C93-B143-4BE8-8154-218014711374}.Release|Any CPU.Build.0 = Release|Any CPU
		{ABAEC62B-A117-4C96-A453-575C33E1E406}.Debug|Any CPU.ActiveCfg = Debug|Any CPU
		{ABAEC62B-A117-4C96-A453-575C33E1E406}.Debug|Any CPU.Build.0 = Debug|Any CPU
		{ABAEC62B-A117-4C96-A453-575C33E1E406}.Release|Any CPU.ActiveCfg = Release|Any CPU
		{ABAEC62B-A117-4C96-A453-575C33E1E406}.Release|Any CPU.Build.0 = Release|Any CPU
		{8A514186-DC69-4536-9626-2DB8382F74DA}.Debug|Any CPU.ActiveCfg = Debug|Any CPU
		{8A514186-DC69-4536-9626-2DB8382F74DA}.Debug|Any CPU.Build.0 = Debug|Any CPU
		{8A514186-DC69-4536-9626-2DB8382F74DA}.Release|Any CPU.ActiveCfg = Release|Any CPU
		{8A514186-DC69-4536-9626-2DB8382F74DA}.Release|Any CPU.Build.0 = Release|Any CPU
		{709003E3-5E0C-4182-83BF-E5819193EB08}.Debug|Any CPU.ActiveCfg = Debug|Any CPU
		{709003E3-5E0C-4182-83BF-E5819193EB08}.Debug|Any CPU.Build.0 = Debug|Any CPU
		{709003E3-5E0C-4182-83BF-E5819193EB08}.Release|Any CPU.ActiveCfg = Release|Any CPU
		{709003E3-5E0C-4182-83BF-E5819193EB08}.Release|Any CPU.Build.0 = Release|Any CPU
		{1EFD54BD-25A0-40DF-9C25-4F3646AA9AB1}.Debug|Any CPU.ActiveCfg = Debug|Any CPU
		{1EFD54BD-25A0-40DF-9C25-4F3646AA9AB1}.Debug|Any CPU.Build.0 = Debug|Any CPU
		{1EFD54BD-25A0-40DF-9C25-4F3646AA9AB1}.Release|Any CPU.ActiveCfg = Release|Any CPU
		{1EFD54BD-25A0-40DF-9C25-4F3646AA9AB1}.Release|Any CPU.Build.0 = Release|Any CPU
		{7714DC36-842A-4586-88AD-2BDDBAA35B49}.Debug|Any CPU.ActiveCfg = Debug|Any CPU
		{7714DC36-842A-4586-88AD-2BDDBAA35B49}.Debug|Any CPU.Build.0 = Debug|Any CPU
		{7714DC36-842A-4586-88AD-2BDDBAA35B49}.Release|Any CPU.ActiveCfg = Release|Any CPU
		{7714DC36-842A-4586-88AD-2BDDBAA35B49}.Release|Any CPU.Build.0 = Release|Any CPU
	EndGlobalSection
	GlobalSection(SolutionProperties) = preSolution
		HideSolutionNode = FALSE
	EndGlobalSection
	GlobalSection(NestedProjects) = preSolution
		{ABAEC62B-A117-4C96-A453-575C33E1E406} = {615082DE-EE03-4C3D-83D4-6B08DABACFA2}
		{8A514186-DC69-4536-9626-2DB8382F74DA} = {44D437D4-C8E9-426A-A6DE-E868A4A80C28}
		{709003E3-5E0C-4182-83BF-E5819193EB08} = {9A1BFEAB-E664-4A6D-AD69-EE38A8505C0B}
		{1EFD54BD-25A0-40DF-9C25-4F3646AA9AB1} = {35CFAB59-8425-4148-91C1-BDF0424152D0}
	EndGlobalSection
	GlobalSection(ExtensibilityGlobals) = postSolution
		SolutionGuid = {539EE5FF-DC2C-4C6F-BE41-565E6744EF64}
	EndGlobalSection
EndGlobal
