
Microsoft Visual Studio Solution File, Format Version 12.00
# Visual Studio Version 16
VisualStudioVersion = 16.0.30717.126
MinimumVisualStudioVersion = 10.0.40219.1
Project("{FAE04EC0-301F-11D3-BF4B-00C04F79EFBC}") = "AMSQC_Web", "AMSQC_Web\AMSQC_Web.csproj", "{DE66BC68-E9C4-4C2A-B754-E37196D30449}"
EndProject
Global
	GlobalSection(SolutionConfigurationPlatforms) = preSolution
		Debug|Any CPU = Debug|Any CPU
		Release|Any CPU = Release|Any CPU
	EndGlobalSection
	GlobalSection(ProjectConfigurationPlatforms) = postSolution
		{DE66BC68-E9C4-4C2A-B754-E37196D30449}.Debug|Any CPU.ActiveCfg = Debug|Any CPU
		{DE66BC68-E9C4-4C2A-B754-E37196D30449}.Debug|Any CPU.Build.0 = Debug|Any CPU
		{DE66BC68-E9C4-4C2A-B754-E37196D30449}.Release|Any CPU.ActiveCfg = Release|Any CPU
		{DE66BC68-E9C4-4C2A-B754-E37196D30449}.Release|Any CPU.Build.0 = Release|Any CPU
	EndGlobalSection
	GlobalSection(SolutionProperties) = preSolution
		HideSolutionNode = FALSE
	EndGlobalSection
	GlobalSection(ExtensibilityGlobals) = postSolution
		SolutionGuid = {539EE5FF-DC2C-4C6F-BE41-565E6744EF64}
	EndGlobalSection
EndGlobal
