
Microsoft Visual Studio Solution File, Format Version 12.00
# Visual Studio Version 16
VisualStudioVersion = 16.0.30717.126
MinimumVisualStudioVersion = 10.0.40219.1
Project("{9A19103F-16F7-4668-BE54-9A1E7A4F7556}") = "AMSQC_Web.Test", "AMSQC_Web.Test\AMSQC_Web.Test.csproj", "{DC042C93-B143-4BE8-8154-218014711374}"
EndProject
Project("{9A19103F-16F7-4668-BE54-9A1E7A4F7556}") = "AMSQC_UI", "AMSQC_UI\AMSQC_UI.csproj", "{7714DC36-842A-4586-88AD-2BDDBAA35B49}"
EndProject
Project("{9A19103F-16F7-4668-BE54-9A1E7A4F7556}") = "AMSQC.Infra.IoC", "AMSQC.Infra.IoC\AMSQC.Infra.IoC.csproj", "{DDEBAE9F-7DB3-4F46-B3FF-AF449DC173AE}"
EndProject
Project("{2150E333-8FDC-42A3-9474-1A3956D46DE8}") = "Application", "Application", "{745D7320-9258-4258-89D3-DD773EF0BCEA}"
EndProject
Project("{9A19103F-16F7-4668-BE54-9A1E7A4F7556}") = "AMSQC.Application", "AMSQC.Application\AMSQC.Application.csproj", "{BBE5246D-C28B-4732-878E-A528B33DB81B}"
EndProject
Project("{2150E333-8FDC-42A3-9474-1A3956D46DE8}") = "IoC", "IoC", "{7809B06E-7279-46DB-877C-8AB3A284B935}"
EndProject
Project("{2150E333-8FDC-42A3-9474-1A3956D46DE8}") = "Domain", "Domain", "{C602B4A7-12E0-491B-8DA4-FE31E50E30F0}"
EndProject
Project("{9A19103F-16F7-4668-BE54-9A1E7A4F7556}") = "AMSQC.Domain", "AMSQC.Domain\AMSQC.Domain.csproj", "{BBB52C52-8E7C-4899-9678-7B94D8ADFAC6}"
EndProject
Project("{2150E333-8FDC-42A3-9474-1A3956D46DE8}") = "Data", "Data", "{CC54C889-E4AD-4BE0-8FAE-149E5C707561}"
EndProject
Project("{9A19103F-16F7-4668-BE54-9A1E7A4F7556}") = "AMSQC.Infra.Data", "AMSQC.Infra.Data\AMSQC.Infra.Data.csproj", "{52C140B6-4420-4D36-B8A3-80A95FBBDC5A}"
EndProject
Global
	GlobalSection(SolutionConfigurationPlatforms) = preSolution
		Debug|Any CPU = Debug|Any CPU
		Release|Any CPU = Release|Any CPU
	EndGlobalSection
	GlobalSection(ProjectConfigurationPlatforms) = postSolution
		{DC042C93-B143-4BE8-8154-218014711374}.Debug|Any CPU.ActiveCfg = Debug|Any CPU
		{DC042C93-B143-4BE8-8154-218014711374}.Debug|Any CPU.Build.0 = Debug|Any CPU
		{DC042C93-B143-4BE8-8154-218014711374}.Release|Any CPU.ActiveCfg = Release|Any CPU
		{DC042C93-B143-4BE8-8154-218014711374}.Release|Any CPU.Build.0 = Release|Any CPU
		{7714DC36-842A-4586-88AD-2BDDBAA35B49}.Debug|Any CPU.ActiveCfg = Debug|Any CPU
		{7714DC36-842A-4586-88AD-2BDDBAA35B49}.Debug|Any CPU.Build.0 = Debug|Any CPU
		{7714DC36-842A-4586-88AD-2BDDBAA35B49}.Release|Any CPU.ActiveCfg = Release|Any CPU
		{7714DC36-842A-4586-88AD-2BDDBAA35B49}.Release|Any CPU.Build.0 = Release|Any CPU
		{DDEBAE9F-7DB3-4F46-B3FF-AF449DC173AE}.Debug|Any CPU.ActiveCfg = Debug|Any CPU
		{DDEBAE9F-7DB3-4F46-B3FF-AF449DC173AE}.Debug|Any CPU.Build.0 = Debug|Any CPU
		{DDEBAE9F-7DB3-4F46-B3FF-AF449DC173AE}.Release|Any CPU.ActiveCfg = Release|Any CPU
		{DDEBAE9F-7DB3-4F46-B3FF-AF449DC173AE}.Release|Any CPU.Build.0 = Release|Any CPU
		{BBE5246D-C28B-4732-878E-A528B33DB81B}.Debug|Any CPU.ActiveCfg = Debug|Any CPU
		{BBE5246D-C28B-4732-878E-A528B33DB81B}.Debug|Any CPU.Build.0 = Debug|Any CPU
		{BBE5246D-C28B-4732-878E-A528B33DB81B}.Release|Any CPU.ActiveCfg = Release|Any CPU
		{BBE5246D-C28B-4732-878E-A528B33DB81B}.Release|Any CPU.Build.0 = Release|Any CPU
		{BBB52C52-8E7C-4899-9678-7B94D8ADFAC6}.Debug|Any CPU.ActiveCfg = Debug|Any CPU
		{BBB52C52-8E7C-4899-9678-7B94D8ADFAC6}.Debug|Any CPU.Build.0 = Debug|Any CPU
		{BBB52C52-8E7C-4899-9678-7B94D8ADFAC6}.Release|Any CPU.ActiveCfg = Release|Any CPU
		{BBB52C52-8E7C-4899-9678-7B94D8ADFAC6}.Release|Any CPU.Build.0 = Release|Any CPU
		{52C140B6-4420-4D36-B8A3-80A95FBBDC5A}.Debug|Any CPU.ActiveCfg = Debug|Any CPU
		{52C140B6-4420-4D36-B8A3-80A95FBBDC5A}.Debug|Any CPU.Build.0 = Debug|Any CPU
		{52C140B6-4420-4D36-B8A3-80A95FBBDC5A}.Release|Any CPU.ActiveCfg = Release|Any CPU
		{52C140B6-4420-4D36-B8A3-80A95FBBDC5A}.Release|Any CPU.Build.0 = Release|Any CPU
	EndGlobalSection
	GlobalSection(SolutionProperties) = preSolution
		HideSolutionNode = FALSE
	EndGlobalSection
	GlobalSection(NestedProjects) = preSolution
		{DDEBAE9F-7DB3-4F46-B3FF-AF449DC173AE} = {7809B06E-7279-46DB-877C-8AB3A284B935}
		{BBE5246D-C28B-4732-878E-A528B33DB81B} = {745D7320-9258-4258-89D3-DD773EF0BCEA}
		{BBB52C52-8E7C-4899-9678-7B94D8ADFAC6} = {C602B4A7-12E0-491B-8DA4-FE31E50E30F0}
		{52C140B6-4420-4D36-B8A3-80A95FBBDC5A} = {CC54C889-E4AD-4BE0-8FAE-149E5C707561}
	EndGlobalSection
	GlobalSection(ExtensibilityGlobals) = postSolution
		SolutionGuid = {539EE5FF-DC2C-4C6F-BE41-565E6744EF64}
	EndGlobalSection
EndGlobal
